
Microsoft Visual Studio Solution File, Format Version 12.00
# Visual Studio Version 17
VisualStudioVersion = 17.2.32317.152
MinimumVisualStudioVersion = 10.0.40219.1
Project("{FAE04EC0-301F-11D3-BF4B-00C04F79EFBC}") = "CatHook", "CatHook\CatHook.csproj", "{DFF72297-13CF-4798-B5FF-BF1F7B2422A6}"
EndProject
Global
	GlobalSection(SolutionConfigurationPlatforms) = preSolution
		Debug|Any CPU = Debug|Any CPU
		Release|Any CPU = Release|Any CPU
	EndGlobalSection
	GlobalSection(ProjectConfigurationPlatforms) = postSolution
		{DFF72297-13CF-4798-B5FF-BF1F7B2422A6}.Debug|Any CPU.ActiveCfg = Debug|Any CPU
		{DFF72297-13CF-4798-B5FF-BF1F7B2422A6}.Debug|Any CPU.Build.0 = Debug|Any CPU
		{DFF72297-13CF-4798-B5FF-BF1F7B2422A6}.Release|Any CPU.ActiveCfg = Release|Any CPU
		{DFF72297-13CF-4798-B5FF-BF1F7B2422A6}.Release|Any CPU.Build.0 = Release|Any CPU
	EndGlobalSection
	GlobalSection(SolutionProperties) = preSolution
		HideSolutionNode = FALSE
	EndGlobalSection
	GlobalSection(ExtensibilityGlobals) = postSolution
		SolutionGuid = {0565E2E2-52EB-446A-A064-3B995C211433}
	EndGlobalSection
EndGlobal
