
Microsoft Visual Studio Solution File, Format Version 12.00
# Visual Studio Version 17
VisualStudioVersion = 17.2.32630.192
MinimumVisualStudioVersion = 10.0.40219.1
Project("{FAE04EC0-301F-11D3-BF4B-00C04F79EFBC}") = "World_of_Tanks", "World_of_Tanks\World_of_Tanks.csproj", "{CA6A0D07-086F-42E7-BC6D-38B611E67E26}"
EndProject
Global
	GlobalSection(SolutionConfigurationPlatforms) = preSolution
		Debug|Any CPU = Debug|Any CPU
		Release|Any CPU = Release|Any CPU
	EndGlobalSection
	GlobalSection(ProjectConfigurationPlatforms) = postSolution
		{CA6A0D07-086F-42E7-BC6D-38B611E67E26}.Debug|Any CPU.ActiveCfg = Debug|Any CPU
		{CA6A0D07-086F-42E7-BC6D-38B611E67E26}.Debug|Any CPU.Build.0 = Debug|Any CPU
		{CA6A0D07-086F-42E7-BC6D-38B611E67E26}.Release|Any CPU.ActiveCfg = Release|Any CPU
		{CA6A0D07-086F-42E7-BC6D-38B611E67E26}.Release|Any CPU.Build.0 = Release|Any CPU
	EndGlobalSection
	GlobalSection(SolutionProperties) = preSolution
		HideSolutionNode = FALSE
	EndGlobalSection
	GlobalSection(ExtensibilityGlobals) = postSolution
		SolutionGuid = {0424B02E-93B7-488C-B6F5-84DEFCDF6727}
	EndGlobalSection
EndGlobal
