
Microsoft Visual Studio Solution File, Format Version 12.00
# Visual Studio Version 16
VisualStudioVersion = 16.0.30717.126
MinimumVisualStudioVersion = 10.0.40219.1
Project("{FAE04EC0-301F-11D3-BF4B-00C04F79EFBC}") = "scp035", "scp035\scp035.csproj", "{EFB160B9-2570-4D04-8167-493F92BB4062}"
EndProject
Global
	GlobalSection(SolutionConfigurationPlatforms) = preSolution
		Debug|Any CPU = Debug|Any CPU
		Release|Any CPU = Release|Any CPU
	EndGlobalSection
	GlobalSection(ProjectConfigurationPlatforms) = postSolution
		{EFB160B9-2570-4D04-8167-493F92BB4062}.Debug|Any CPU.ActiveCfg = Debug|Any CPU
		{EFB160B9-2570-4D04-8167-493F92BB4062}.Debug|Any CPU.Build.0 = Debug|Any CPU
		{EFB160B9-2570-4D04-8167-493F92BB4062}.Release|Any CPU.ActiveCfg = Release|Any CPU
		{EFB160B9-2570-4D04-8167-493F92BB4062}.Release|Any CPU.Build.0 = Release|Any CPU
	EndGlobalSection
	GlobalSection(SolutionProperties) = preSolution
		HideSolutionNode = FALSE
	EndGlobalSection
	GlobalSection(ExtensibilityGlobals) = postSolution
		SolutionGuid = {13C0546B-5A80-476B-992B-DB308166F63E}
	EndGlobalSection
EndGlobal
