
Microsoft Visual Studio Solution File, Format Version 12.00
# Visual Studio Version 16
VisualStudioVersion = 16.0.31424.327
MinimumVisualStudioVersion = 10.0.40219.1
Project("{FAE04EC0-301F-11D3-BF4B-00C04F79EFBC}") = "Serpent's Hand", "Serpent's Hand\Serpent's Hand.csproj", "{899F1E7A-FE6B-40F9-AF4D-A4526EE05F1B}"
EndProject
Global
	GlobalSection(SolutionConfigurationPlatforms) = preSolution
		Debug|Any CPU = Debug|Any CPU
		Release|Any CPU = Release|Any CPU
	EndGlobalSection
	GlobalSection(ProjectConfigurationPlatforms) = postSolution
		{899F1E7A-FE6B-40F9-AF4D-A4526EE05F1B}.Debug|Any CPU.ActiveCfg = Debug|Any CPU
		{899F1E7A-FE6B-40F9-AF4D-A4526EE05F1B}.Debug|Any CPU.Build.0 = Debug|Any CPU
		{899F1E7A-FE6B-40F9-AF4D-A4526EE05F1B}.Release|Any CPU.ActiveCfg = Release|Any CPU
		{899F1E7A-FE6B-40F9-AF4D-A4526EE05F1B}.Release|Any CPU.Build.0 = Release|Any CPU
	EndGlobalSection
	GlobalSection(SolutionProperties) = preSolution
		HideSolutionNode = FALSE
	EndGlobalSection
	GlobalSection(ExtensibilityGlobals) = postSolution
		SolutionGuid = {AA1FB962-6ED2-4AC3-B36B-D2909752D050}
	EndGlobalSection
EndGlobal
