
Microsoft Visual Studio Solution File, Format Version 12.00
# Visual Studio Version 17
VisualStudioVersion = 17.1.31911.260
MinimumVisualStudioVersion = 10.0.40219.1
Project("{FAE04EC0-301F-11D3-BF4B-00C04F79EFBC}") = "Stalk", "Stalk\Stalk.csproj", "{DA60FE21-15DD-40FC-B759-9BD4F0AF0165}"
EndProject
Global
	GlobalSection(SolutionConfigurationPlatforms) = preSolution
		Debug|Any CPU = Debug|Any CPU
		Release|Any CPU = Release|Any CPU
	EndGlobalSection
	GlobalSection(ProjectConfigurationPlatforms) = postSolution
		{DA60FE21-15DD-40FC-B759-9BD4F0AF0165}.Debug|Any CPU.ActiveCfg = Debug|Any CPU
		{DA60FE21-15DD-40FC-B759-9BD4F0AF0165}.Debug|Any CPU.Build.0 = Debug|Any CPU
		{DA60FE21-15DD-40FC-B759-9BD4F0AF0165}.Release|Any CPU.ActiveCfg = Release|Any CPU
		{DA60FE21-15DD-40FC-B759-9BD4F0AF0165}.Release|Any CPU.Build.0 = Release|Any CPU
	EndGlobalSection
	GlobalSection(SolutionProperties) = preSolution
		HideSolutionNode = FALSE
	EndGlobalSection
	GlobalSection(ExtensibilityGlobals) = postSolution
		SolutionGuid = {2F11C901-4A58-464A-A000-447FA67078CD}
	EndGlobalSection
EndGlobal
