
Microsoft Visual Studio Solution File, Format Version 12.00
# Visual Studio Version 16
VisualStudioVersion = 16.0.30717.126
MinimumVisualStudioVersion = 10.0.40219.1
Project("{FAE04EC0-301F-11D3-BF4B-00C04F79EFBC}") = "scp966", "scp966\scp966.csproj", "{92444421-964C-4F13-AA1C-777959AEF840}"
EndProject
Global
	GlobalSection(SolutionConfigurationPlatforms) = preSolution
		Debug|Any CPU = Debug|Any CPU
		Release|Any CPU = Release|Any CPU
	EndGlobalSection
	GlobalSection(ProjectConfigurationPlatforms) = postSolution
		{92444421-964C-4F13-AA1C-777959AEF840}.Debug|Any CPU.ActiveCfg = Debug|Any CPU
		{92444421-964C-4F13-AA1C-777959AEF840}.Debug|Any CPU.Build.0 = Debug|Any CPU
		{92444421-964C-4F13-AA1C-777959AEF840}.Release|Any CPU.ActiveCfg = Release|Any CPU
		{92444421-964C-4F13-AA1C-777959AEF840}.Release|Any CPU.Build.0 = Release|Any CPU
	EndGlobalSection
	GlobalSection(SolutionProperties) = preSolution
		HideSolutionNode = FALSE
	EndGlobalSection
	GlobalSection(ExtensibilityGlobals) = postSolution
		SolutionGuid = {95F19FC2-EDBC-4FD8-B0E0-563FEA1BB32B}
	EndGlobalSection
EndGlobal
