
Microsoft Visual Studio Solution File, Format Version 12.00
# Visual Studio Version 16
VisualStudioVersion = 16.0.31205.134
MinimumVisualStudioVersion = 10.0.40219.1
Project("{FAE04EC0-301F-11D3-BF4B-00C04F79EFBC}") = "PlayerXP", "PlayerXP\PlayerXP.csproj", "{0561218B-C6A2-4737-A659-9F025924DFAC}"
EndProject
Global
	GlobalSection(SolutionConfigurationPlatforms) = preSolution
		Debug|Any CPU = Debug|Any CPU
		Release|Any CPU = Release|Any CPU
	EndGlobalSection
	GlobalSection(ProjectConfigurationPlatforms) = postSolution
		{0561218B-C6A2-4737-A659-9F025924DFAC}.Debug|Any CPU.ActiveCfg = Debug|Any CPU
		{0561218B-C6A2-4737-A659-9F025924DFAC}.Debug|Any CPU.Build.0 = Debug|Any CPU
		{0561218B-C6A2-4737-A659-9F025924DFAC}.Release|Any CPU.ActiveCfg = Release|Any CPU
		{0561218B-C6A2-4737-A659-9F025924DFAC}.Release|Any CPU.Build.0 = Release|Any CPU
	EndGlobalSection
	GlobalSection(SolutionProperties) = preSolution
		HideSolutionNode = FALSE
	EndGlobalSection
	GlobalSection(ExtensibilityGlobals) = postSolution
		SolutionGuid = {B5C35A7A-A9FB-4C01-AEDB-61574BC2BA69}
	EndGlobalSection
EndGlobal
