
Microsoft Visual Studio Solution File, Format Version 12.00
# Visual Studio Version 16
VisualStudioVersion = 16.0.30717.126
MinimumVisualStudioVersion = 10.0.40219.1
Project("{FAE04EC0-301F-11D3-BF4B-00C04F79EFBC}") = "mini", "mini\mini.csproj", "{261D3BBF-4A9A-4876-9D65-831D7A112458}"
EndProject
Global
	GlobalSection(SolutionConfigurationPlatforms) = preSolution
		Debug|Any CPU = Debug|Any CPU
		Release|Any CPU = Release|Any CPU
	EndGlobalSection
	GlobalSection(ProjectConfigurationPlatforms) = postSolution
		{261D3BBF-4A9A-4876-9D65-831D7A112458}.Debug|Any CPU.ActiveCfg = Debug|Any CPU
		{261D3BBF-4A9A-4876-9D65-831D7A112458}.Debug|Any CPU.Build.0 = Debug|Any CPU
		{261D3BBF-4A9A-4876-9D65-831D7A112458}.Release|Any CPU.ActiveCfg = Release|Any CPU
		{261D3BBF-4A9A-4876-9D65-831D7A112458}.Release|Any CPU.Build.0 = Release|Any CPU
	EndGlobalSection
	GlobalSection(SolutionProperties) = preSolution
		HideSolutionNode = FALSE
	EndGlobalSection
	GlobalSection(ExtensibilityGlobals) = postSolution
		SolutionGuid = {6B7A0E74-A96A-47C2-AA4C-5A970A8B568A}
	EndGlobalSection
EndGlobal
