
Microsoft Visual Studio Solution File, Format Version 12.00
# Visual Studio Version 16
VisualStudioVersion = 16.0.31205.134
MinimumVisualStudioVersion = 10.0.40219.1
Project("{FAE04EC0-301F-11D3-BF4B-00C04F79EFBC}") = "auto-donate", "auto-donate\auto-donate.csproj", "{FAAE3209-9E84-427F-85DD-3BD9450D2FF5}"
EndProject
Global
	GlobalSection(SolutionConfigurationPlatforms) = preSolution
		Debug|Any CPU = Debug|Any CPU
		Release|Any CPU = Release|Any CPU
	EndGlobalSection
	GlobalSection(ProjectConfigurationPlatforms) = postSolution
		{FAAE3209-9E84-427F-85DD-3BD9450D2FF5}.Debug|Any CPU.ActiveCfg = Debug|Any CPU
		{FAAE3209-9E84-427F-85DD-3BD9450D2FF5}.Debug|Any CPU.Build.0 = Debug|Any CPU
		{FAAE3209-9E84-427F-85DD-3BD9450D2FF5}.Release|Any CPU.ActiveCfg = Release|Any CPU
		{FAAE3209-9E84-427F-85DD-3BD9450D2FF5}.Release|Any CPU.Build.0 = Release|Any CPU
	EndGlobalSection
	GlobalSection(SolutionProperties) = preSolution
		HideSolutionNode = FALSE
	EndGlobalSection
	GlobalSection(ExtensibilityGlobals) = postSolution
		SolutionGuid = {1E511AA7-E14F-4D8D-8581-1065760379D5}
	EndGlobalSection
EndGlobal
