
Microsoft Visual Studio Solution File, Format Version 12.00
# Visual Studio Version 16
VisualStudioVersion = 16.0.30717.126
MinimumVisualStudioVersion = 10.0.40219.1
Project("{FAE04EC0-301F-11D3-BF4B-00C04F79EFBC}") = "auto-alpha", "auto-alpha\auto-alpha.csproj", "{1F17E5F9-1E97-46C1-A6A0-CAD5343EBDE6}"
EndProject
Global
	GlobalSection(SolutionConfigurationPlatforms) = preSolution
		Debug|Any CPU = Debug|Any CPU
		Release|Any CPU = Release|Any CPU
	EndGlobalSection
	GlobalSection(ProjectConfigurationPlatforms) = postSolution
		{1F17E5F9-1E97-46C1-A6A0-CAD5343EBDE6}.Debug|Any CPU.ActiveCfg = Debug|Any CPU
		{1F17E5F9-1E97-46C1-A6A0-CAD5343EBDE6}.Debug|Any CPU.Build.0 = Debug|Any CPU
		{1F17E5F9-1E97-46C1-A6A0-CAD5343EBDE6}.Release|Any CPU.ActiveCfg = Release|Any CPU
		{1F17E5F9-1E97-46C1-A6A0-CAD5343EBDE6}.Release|Any CPU.Build.0 = Release|Any CPU
	EndGlobalSection
	GlobalSection(SolutionProperties) = preSolution
		HideSolutionNode = FALSE
	EndGlobalSection
	GlobalSection(ExtensibilityGlobals) = postSolution
		SolutionGuid = {16D9946A-61BA-4679-979A-E0E3E1824A6D}
	EndGlobalSection
EndGlobal
