
Microsoft Visual Studio Solution File, Format Version 12.00
# Visual Studio Version 17
VisualStudioVersion = 17.2.32317.152
MinimumVisualStudioVersion = 10.0.40219.1
Project("{FAE04EC0-301F-11D3-BF4B-00C04F79EFBC}") = "BetterAudio", "BetterAudio\BetterAudio.csproj", "{FD817B9F-A541-4A09-A3CA-1F04CEC094C1}"
EndProject
Global
	GlobalSection(SolutionConfigurationPlatforms) = preSolution
		Debug|Any CPU = Debug|Any CPU
		Release|Any CPU = Release|Any CPU
	EndGlobalSection
	GlobalSection(ProjectConfigurationPlatforms) = postSolution
		{FD817B9F-A541-4A09-A3CA-1F04CEC094C1}.Debug|Any CPU.ActiveCfg = Debug|Any CPU
		{FD817B9F-A541-4A09-A3CA-1F04CEC094C1}.Debug|Any CPU.Build.0 = Debug|Any CPU
		{FD817B9F-A541-4A09-A3CA-1F04CEC094C1}.Release|Any CPU.ActiveCfg = Release|Any CPU
		{FD817B9F-A541-4A09-A3CA-1F04CEC094C1}.Release|Any CPU.Build.0 = Release|Any CPU
	EndGlobalSection
	GlobalSection(SolutionProperties) = preSolution
		HideSolutionNode = FALSE
	EndGlobalSection
	GlobalSection(ExtensibilityGlobals) = postSolution
		SolutionGuid = {A78FD71E-347D-49AF-8814-920B07B9546A}
	EndGlobalSection
EndGlobal
