
Microsoft Visual Studio Solution File, Format Version 12.00
# Visual Studio Version 17
VisualStudioVersion = 17.10.34928.147
MinimumVisualStudioVersion = 10.0.40219.1
Project("{FAE04EC0-301F-11D3-BF4B-00C04F79EFBC}") = "godoff", "godoff\godoff.csproj", "{FE7E1A05-C215-4FD5-81CA-440F11609DBC}"
EndProject
Global
	GlobalSection(SolutionConfigurationPlatforms) = preSolution
		Debug|Any CPU = Debug|Any CPU
		Release|Any CPU = Release|Any CPU
	EndGlobalSection
	GlobalSection(ProjectConfigurationPlatforms) = postSolution
		{FE7E1A05-C215-4FD5-81CA-440F11609DBC}.Debug|Any CPU.ActiveCfg = Debug|Any CPU
		{FE7E1A05-C215-4FD5-81CA-440F11609DBC}.Debug|Any CPU.Build.0 = Debug|Any CPU
		{FE7E1A05-C215-4FD5-81CA-440F11609DBC}.Release|Any CPU.ActiveCfg = Release|Any CPU
		{FE7E1A05-C215-4FD5-81CA-440F11609DBC}.Release|Any CPU.Build.0 = Release|Any CPU
	EndGlobalSection
	GlobalSection(SolutionProperties) = preSolution
		HideSolutionNode = FALSE
	EndGlobalSection
	GlobalSection(ExtensibilityGlobals) = postSolution
		SolutionGuid = {C9DDC820-0859-4F62-811A-8A5960FB720A}
	EndGlobalSection
EndGlobal
