
Microsoft Visual Studio Solution File, Format Version 12.00
# Visual Studio Version 16
VisualStudioVersion = 16.0.30717.126
MinimumVisualStudioVersion = 10.0.40219.1
Project("{FAE04EC0-301F-11D3-BF4B-00C04F79EFBC}") = "friendly fire round end", "friendly fire round end\friendly fire round end.csproj", "{27BDFFCC-0ABB-4647-A150-DDE068847C67}"
EndProject
Global
	GlobalSection(SolutionConfigurationPlatforms) = preSolution
		Debug|Any CPU = Debug|Any CPU
		Release|Any CPU = Release|Any CPU
	EndGlobalSection
	GlobalSection(ProjectConfigurationPlatforms) = postSolution
		{27BDFFCC-0ABB-4647-A150-DDE068847C67}.Debug|Any CPU.ActiveCfg = Debug|Any CPU
		{27BDFFCC-0ABB-4647-A150-DDE068847C67}.Debug|Any CPU.Build.0 = Debug|Any CPU
		{27BDFFCC-0ABB-4647-A150-DDE068847C67}.Release|Any CPU.ActiveCfg = Release|Any CPU
		{27BDFFCC-0ABB-4647-A150-DDE068847C67}.Release|Any CPU.Build.0 = Release|Any CPU
	EndGlobalSection
	GlobalSection(SolutionProperties) = preSolution
		HideSolutionNode = FALSE
	EndGlobalSection
	GlobalSection(ExtensibilityGlobals) = postSolution
		SolutionGuid = {C3E787C7-2CA3-4DF9-902E-677F4E238CCE}
	EndGlobalSection
EndGlobal
